
Microsoft Visual Studio Solution File, Format Version 12.00
# Visual Studio 15
VisualStudioVersion = 15.0.28010.2003
MinimumVisualStudioVersion = 10.0.40219.1
Project("{FAE04EC0-301F-11D3-BF4B-00C04F79EFBC}") = "MyFinance", "MyFinance\MyFinance.csproj", "{EB2CE67C-C355-4C7D-B3F8-111924249DCB}"
EndProject
Global
	GlobalSection(SolutionConfigurationPlatforms) = preSolution
		Debug|Any CPU = Debug|Any CPU
		Release|Any CPU = Release|Any CPU
	EndGlobalSection
	GlobalSection(ProjectConfigurationPlatforms) = postSolution
		{EB2CE67C-C355-4C7D-B3F8-111924249DCB}.Debug|Any CPU.ActiveCfg = Debug|Any CPU
		{EB2CE67C-C355-4C7D-B3F8-111924249DCB}.Debug|Any CPU.Build.0 = Debug|Any CPU
		{EB2CE67C-C355-4C7D-B3F8-111924249DCB}.Release|Any CPU.ActiveCfg = Release|Any CPU
		{EB2CE67C-C355-4C7D-B3F8-111924249DCB}.Release|Any CPU.Build.0 = Release|Any CPU
	EndGlobalSection
	GlobalSection(SolutionProperties) = preSolution
		HideSolutionNode = FALSE
	EndGlobalSection
	GlobalSection(ExtensibilityGlobals) = postSolution
		SolutionGuid = {C615F2D3-2293-4386-9BBA-AC78D7B8E8CB}
	EndGlobalSection
EndGlobal
